
Microsoft Visual Studio Solution File, Format Version 12.00
# Visual Studio Version 17
VisualStudioVersion = 17.3.32929.385
MinimumVisualStudioVersion = 10.0.40219.1
Project("{FAE04EC0-301F-11D3-BF4B-00C04F79EFBC}") = "Agenda de produse", "Agenda de produse.csproj", "{3F911842-1B09-4658-BB34-417B13464CED}"
EndProject
Global
	GlobalSection(SolutionConfigurationPlatforms) = preSolution
		Debug|Any CPU = Debug|Any CPU
		Release|Any CPU = Release|Any CPU
	EndGlobalSection
	GlobalSection(ProjectConfigurationPlatforms) = postSolution
		{3F911842-1B09-4658-BB34-417B13464CED}.Debug|Any CPU.ActiveCfg = Debug|Any CPU
		{3F911842-1B09-4658-BB34-417B13464CED}.Debug|Any CPU.Build.0 = Debug|Any CPU
		{3F911842-1B09-4658-BB34-417B13464CED}.Release|Any CPU.ActiveCfg = Release|Any CPU
		{3F911842-1B09-4658-BB34-417B13464CED}.Release|Any CPU.Build.0 = Release|Any CPU
	EndGlobalSection
	GlobalSection(SolutionProperties) = preSolution
		HideSolutionNode = FALSE
	EndGlobalSection
	GlobalSection(ExtensibilityGlobals) = postSolution
		SolutionGuid = {8D7B0063-37A4-4670-8735-72264C347B83}
	EndGlobalSection
EndGlobal
